
Microsoft Visual Studio Solution File, Format Version 11.00
# Visual Studio 2010
Project("{FAE04EC0-301F-11D3-BF4B-00C04F79EFBC}") = "Assembly-CSharp", "Assembly-CSharp.csproj", "{6709E308-1A06-406E-40AD-646A0B4E8850}"
EndProject
Global
	GlobalSection(SolutionConfigurationPlatforms) = preSolution
		Debug|Any CPU = Debug|Any CPU
		Release|Any CPU = Release|Any CPU
	EndGlobalSection
	GlobalSection(ProjectConfigurationPlatforms) = postSolution
		{6709E308-1A06-406E-40AD-646A0B4E8850}.Debug|Any CPU.ActiveCfg = Debug|Any CPU
		{6709E308-1A06-406E-40AD-646A0B4E8850}.Debug|Any CPU.Build.0 = Debug|Any CPU
		{6709E308-1A06-406E-40AD-646A0B4E8850}.Release|Any CPU.ActiveCfg = Release|Any CPU
		{6709E308-1A06-406E-40AD-646A0B4E8850}.Release|Any CPU.Build.0 = Release|Any CPU
	EndGlobalSection
	GlobalSection(SolutionProperties) = preSolution
		HideSolutionNode = FALSE
	EndGlobalSection
EndGlobal
